version: 6
environments:
  default:
    channels:
    - url: https://conda.anaconda.org/conda-forge/
    packages:
      linux-64:
      - conda: https://conda.anaconda.org/conda-forge/linux-64/_libgcc_mutex-0.1-conda_forge.tar.bz2
      - conda: https://conda.anaconda.org/conda-forge/linux-64/_openmp_mutex-4.5-2_gnu.tar.bz2
      - conda: https://conda.anaconda.org/conda-forge/linux-64/ghc-bootstrap-9.12.2-hbcf9cb5_7.conda
      - conda: https://conda.anaconda.org/conda-forge/linux-64/gmp-6.3.0-hac33072_2.conda
      - conda: https://conda.anaconda.org/conda-forge/linux-64/libffi-3.5.2-h9ec8514_0.conda
      - conda: https://conda.anaconda.org/conda-forge/linux-64/libgcc-15.2.0-he0feb66_14.conda
      - conda: https://conda.anaconda.org/conda-forge/linux-64/libgcc-ng-15.2.0-h69a702a_14.conda
      - conda: https://conda.anaconda.org/conda-forge/linux-64/libgomp-15.2.0-he0feb66_14.conda
      - conda: https://conda.anaconda.org/conda-forge/linux-64/libiconv-1.18-h3b78370_2.conda
      - conda: https://conda.anaconda.org/conda-forge/linux-64/libstdcxx-15.2.0-h934c35e_14.conda
      - conda: https://conda.anaconda.org/conda-forge/linux-64/libstdcxx-ng-15.2.0-hdf11a46_14.conda
packages:
- conda: https://conda.anaconda.org/conda-forge/linux-64/_libgcc_mutex-0.1-conda_forge.tar.bz2
  sha256: fe51de6107f9edc7aa4f786a70f4a883943bc9d39b3bb7307c04c41410990726
  md5: d7c89558ba9fa0495403155b64376d81
  license: None
  size: 2562
  timestamp: 1578324546067
- conda: https://conda.anaconda.org/conda-forge/linux-64/_openmp_mutex-4.5-2_gnu.tar.bz2
  build_number: 16
  sha256: fbe2c5e56a653bebb982eda4876a9178aedfc2b545f25d0ce9c4c0b508253d22
  md5: 73aaf86a425cc6e73fcf236a5a46396d
  depends:
  - _libgcc_mutex 0.1 conda_forge
  - libgomp >=7.5.0
  constrains:
  - openmp_impl 9999
  license: BSD-3-Clause
  license_family: BSD
  size: 23621
  timestamp: 1650670423406
- conda: https://conda.anaconda.org/conda-forge/linux-64/ghc-bootstrap-9.12.2-hbcf9cb5_7.conda
  sha256: b00b66a3e7dc6f79a298c6e7a4c615874917168b9f1bd6d7aa2e570f55416c0f
  md5: 2ebd65f144576cb1be6bb18a639dd302
  depends:
  - libgcc >=15
  - __glibc >=2.17,<3.0.a0
  - libstdcxx >=15
  - libgcc >=15
  - libffi >=3.5.2,<3.6.0a0
  - libiconv >=1.18,<2.0a0
  - gmp >=6.3.0,<7.0a0
  license: BSD-3-Clause
  license_family: BSD
  size: 223222536
  timestamp: 1761186868879
- conda: https://conda.anaconda.org/conda-forge/linux-64/gmp-6.3.0-hac33072_2.conda
  sha256: 309cf4f04fec0c31b6771a5809a1909b4b3154a2208f52351e1ada006f4c750c
  md5: c94a5994ef49749880a8139cf9afcbe1
  depends:
  - libgcc-ng >=12
  - libstdcxx-ng >=12
  license: GPL-2.0-or-later OR LGPL-3.0-or-later
  size: 460055
  timestamp: 1718980856608
- conda: https://conda.anaconda.org/conda-forge/linux-64/libffi-3.5.2-h9ec8514_0.conda
  sha256: 25cbdfa65580cfab1b8d15ee90b4c9f1e0d72128f1661449c9a999d341377d54
  md5: 35f29eec58405aaf55e01cb470d8c26a
  depends:
  - __glibc >=2.17,<3.0.a0
  - libgcc >=14
  license: MIT
  license_family: MIT
  size: 57821
  timestamp: 1760295480630
- conda: https://conda.anaconda.org/conda-forge/linux-64/libgcc-15.2.0-he0feb66_14.conda
  sha256: 947bfbe5e47cd5d0cbdb0926d4baadb3e9be25caca7c6c6ef516f7ef85052cec
  md5: 550dceb769d23bcf0e2f97fd4062d720
  depends:
  - __glibc >=2.17,<3.0.a0
  - _openmp_mutex >=4.5
  constrains:
  - libgomp 15.2.0 he0feb66_14
  - libgcc-ng ==15.2.0=*_14
  license: GPL-3.0-only WITH GCC-exception-3.1
  size: 1041047
  timestamp: 1764277103389
- conda: https://conda.anaconda.org/conda-forge/linux-64/libgcc-ng-15.2.0-h69a702a_14.conda
  sha256: 48a77fde940b4b877c0ed24efd562c135170a46d100c07cd2d7b67e842e30642
  md5: 6c13aaae36d7514f28bd5544da1a7bb8
  depends:
  - libgcc 15.2.0 he0feb66_14
  license: GPL-3.0-only WITH GCC-exception-3.1
  size: 27157
  timestamp: 1764277114484
- conda: https://conda.anaconda.org/conda-forge/linux-64/libgomp-15.2.0-he0feb66_14.conda
  sha256: 2017cbc0f0f3b1d15df9ca681960eef015f9f58ba0d6e841694277a9f7eae0fc
  md5: 91349c276f84f590487e4c7f6e90e077
  depends:
  - __glibc >=2.17,<3.0.a0
  license: GPL-3.0-only WITH GCC-exception-3.1
  size: 604220
  timestamp: 1764277020855
- conda: https://conda.anaconda.org/conda-forge/linux-64/libiconv-1.18-h3b78370_2.conda
  sha256: c467851a7312765447155e071752d7bf9bf44d610a5687e32706f480aad2833f
  md5: 915f5995e94f60e9a4826e0b0920ee88
  depends:
  - __glibc >=2.17,<3.0.a0
  - libgcc >=14
  license: LGPL-2.1-only
  size: 790176
  timestamp: 1754908768807
- conda: https://conda.anaconda.org/conda-forge/linux-64/libstdcxx-15.2.0-h934c35e_14.conda
  sha256: bbeb7cf8b7eff000b2cb5ffb9a40d98fbb8f39c94768afaec38408c3097cde0d
  md5: 8e96fe9b17d5871b5cf9d312cab832f6
  depends:
  - __glibc >=2.17,<3.0.a0
  - libgcc 15.2.0 he0feb66_14
  constrains:
  - libstdcxx-ng ==15.2.0=*_14
  license: GPL-3.0-only WITH GCC-exception-3.1
  size: 5856715
  timestamp: 1764277148231
- conda: https://conda.anaconda.org/conda-forge/linux-64/libstdcxx-ng-15.2.0-hdf11a46_14.conda
  sha256: 63336f51b88029a9557a430aecbb08a11365aa03ec47ec8d14e542fec5dc80fb
  md5: 9531f671a13eec0597941fa19e489b96
  depends:
  - libstdcxx 15.2.0 h934c35e_14
  license: GPL-3.0-only WITH GCC-exception-3.1
  size: 27200
  timestamp: 1764277193585
